
Microsoft Visual Studio Solution File, Format Version 12.00
Project("{FAE04EC0-301F-11D3-BF4B-00C04F79EFBC}") = "KeyVaultCli", "src\KeyVaultCli\KeyVaultCli.csproj", "{D463F014-12E5-4CEE-8B09-46D0AEF7226C}"
EndProject
Global
	GlobalSection(SolutionConfigurationPlatforms) = preSolution
		Debug|Any CPU = Debug|Any CPU
		Release|Any CPU = Release|Any CPU
	EndGlobalSection
	GlobalSection(ProjectConfigurationPlatforms) = postSolution
		{CF842220-B59A-4E35-A340-8567E067BCEF}.Debug|Any CPU.ActiveCfg = Debug|Any CPU
		{CF842220-B59A-4E35-A340-8567E067BCEF}.Debug|Any CPU.Build.0 = Debug|Any CPU
		{CF842220-B59A-4E35-A340-8567E067BCEF}.Release|Any CPU.ActiveCfg = Release|Any CPU
		{CF842220-B59A-4E35-A340-8567E067BCEF}.Release|Any CPU.Build.0 = Release|Any CPU
		{D463F014-12E5-4CEE-8B09-46D0AEF7226C}.Debug|Any CPU.ActiveCfg = Debug|Any CPU
		{D463F014-12E5-4CEE-8B09-46D0AEF7226C}.Debug|Any CPU.Build.0 = Debug|Any CPU
		{D463F014-12E5-4CEE-8B09-46D0AEF7226C}.Release|Any CPU.ActiveCfg = Release|Any CPU
		{D463F014-12E5-4CEE-8B09-46D0AEF7226C}.Release|Any CPU.Build.0 = Release|Any CPU
	EndGlobalSection
EndGlobal
